{
  "originHash" : "eb491c656104184c487dc8cfb4665f059045a1a25c1cd1611b58d1c8b5692790",
  "pins" : [
    {
      "identity" : "codeviewer",
      "kind" : "remoteSourceControl",
      "location" : "https://github.com/ashleyzhang01/CodeViewer",
      "state" : {
        "branch" : "main",
        "revision" : "10b101492c21f8e0de7bc3c9bf6883b4daef7b7a"
      }
    },
    {
      "identity" : "openai",
      "kind" : "remoteSourceControl",
      "location" : "https://github.com/MacPaw/OpenAI.git",
      "state" : {
        "revision" : "35afc9a6ee127b8f22a85a31aec2036a987478af",
        "version" : "0.2.6"
      }
    }
  ],
  "version" : 3
}
