{
  "originHash" : "c0671191d8ca80dff0c55ee0efb753346aa8ed6d4e994b7670838b70443b2f02",
  "pins" : [
    {
      "identity" : "codeviewer",
      "kind" : "remoteSourceControl",
      "location" : "https://github.com/dwarvesf/CodeViewer",
      "state" : {
        "revision" : "44bd04af81046ce65a4e38dc97a9dd3d387f069e",
        "version" : "1.2.4"
      }
    },
    {
      "identity" : "openai",
      "kind" : "remoteSourceControl",
      "location" : "https://github.com/MacPaw/OpenAI.git",
      "state" : {
        "revision" : "35afc9a6ee127b8f22a85a31aec2036a987478af",
        "version" : "0.2.6"
      }
    }
  ],
  "version" : 3
}
