{
  "originHash" : "d9362e8baed5ff057ea3c853db97b4b728e50ee739e63906e273ace5e0623345",
  "pins" : [
    {
      "identity" : "codeviewer",
      "kind" : "remoteSourceControl",
      "location" : "https://github.com/dwarvesf/CodeViewer",
      "state" : {
        "revision" : "44bd04af81046ce65a4e38dc97a9dd3d387f069e",
        "version" : "1.2.4"
      }
    },
    {
      "identity" : "openai",
      "kind" : "remoteSourceControl",
      "location" : "https://github.com/MacPaw/OpenAI.git",
      "state" : {
        "revision" : "35afc9a6ee127b8f22a85a31aec2036a987478af",
        "version" : "0.2.6"
      }
    }
  ],
  "version" : 3
}
