// !$*UTF8*$!
{
	archiveVersion = 1;
	classes = {
	};
	objectVersion = 56;
	objects = {

/* Begin PBXBuildFile section */
		8522F6A72BB79871000EC4AC /* Model.swift in Sources */ = {isa = PBXBuildFile; fileRef = 8522F6A62BB79871000EC4AC /* Model.swift */; };
		8522F6A92BB7A607000EC4AC /* Request.swift in Sources */ = {isa = PBXBuildFile; fileRef = 8522F6A82BB7A527000EC4AC /* Request.swift */; };
		85E008082BB7D114006F499A /* CodeViewer in Frameworks */ = {isa = PBXBuildFile; productRef = 85E008072BB7D114006F499A /* CodeViewer */; };
		85FA24D32BB78B8200D79DFA /* ProvisionallyNamedApp.swift in Sources */ = {isa = PBXBuildFile; fileRef = 85FA24D22BB78B8200D79DFA /* ProvisionallyNamedApp.swift */; };
		85FA24D52BB78B8200D79DFA /* ContentView.swift in Sources */ = {isa = PBXBuildFile; fileRef = 85FA24D42BB78B8200D79DFA /* ContentView.swift */; };
		85FA24D72BB78B8500D79DFA /* Assets.xcassets in Resources */ = {isa = PBXBuildFile; fileRef = 85FA24D62BB78B8500D79DFA /* Assets.xcassets */; };
		85FA24DA2BB78B8500D79DFA /* Preview Assets.xcassets in Resources */ = {isa = PBXBuildFile; fileRef = 85FA24D92BB78B8500D79DFA /* Preview Assets.xcassets */; };
		89F987742BB799B300117CF3 /* CommitDetailView.swift in Sources */ = {isa = PBXBuildFile; fileRef = 89F987732BB799B300117CF3 /* CommitDetailView.swift */; };
		89F987772BB7B38600117CF3 /* CommitGraph.swift in Sources */ = {isa = PBXBuildFile; fileRef = 89F987762BB7B38600117CF3 /* CommitGraph.swift */; };
		89F9877A2BB84EA500117CF3 /* CommitComponent.swift in Sources */ = {isa = PBXBuildFile; fileRef = 89F987792BB84EA500117CF3 /* CommitComponent.swift */; };
/* End PBXBuildFile section */

/* Begin PBXFileReference section */
		8522F6A62BB79871000EC4AC /* Model.swift */ = {isa = PBXFileReference; lastKnownFileType = sourcecode.swift; path = Model.swift; sourceTree = "<group>"; };
		8522F6A82BB7A527000EC4AC /* Request.swift */ = {isa = PBXFileReference; lastKnownFileType = sourcecode.swift; path = Request.swift; sourceTree = "<group>"; };
		85FA24CF2BB78B8200D79DFA /* hackprinceton.app */ = {isa = PBXFileReference; explicitFileType = wrapper.application; includeInIndex = 0; path = hackprinceton.app; sourceTree = BUILT_PRODUCTS_DIR; };
		85FA24D22BB78B8200D79DFA /* ProvisionallyNamedApp.swift */ = {isa = PBXFileReference; lastKnownFileType = sourcecode.swift; path = ProvisionallyNamedApp.swift; sourceTree = "<group>"; };
		85FA24D42BB78B8200D79DFA /* ContentView.swift */ = {isa = PBXFileReference; lastKnownFileType = sourcecode.swift; path = ContentView.swift; sourceTree = "<group>"; };
		85FA24D62BB78B8500D79DFA /* Assets.xcassets */ = {isa = PBXFileReference; lastKnownFileType = folder.assetcatalog; path = Assets.xcassets; sourceTree = "<group>"; };
		85FA24D92BB78B8500D79DFA /* Preview Assets.xcassets */ = {isa = PBXFileReference; lastKnownFileType = folder.assetcatalog; path = "Preview Assets.xcassets"; sourceTree = "<group>"; };
		89F987732BB799B300117CF3 /* CommitDetailView.swift */ = {isa = PBXFileReference; lastKnownFileType = sourcecode.swift; path = CommitDetailView.swift; sourceTree = "<group>"; };
		89F987752BB79C1100117CF3 /* Config.xcconfig */ = {isa = PBXFileReference; lastKnownFileType = text.xcconfig; path = Config.xcconfig; sourceTree = "<group>"; };
		89F987762BB7B38600117CF3 /* CommitGraph.swift */ = {isa = PBXFileReference; lastKnownFileType = sourcecode.swift; path = CommitGraph.swift; sourceTree = "<group>"; };
		89F987792BB84EA500117CF3 /* CommitComponent.swift */ = {isa = PBXFileReference; lastKnownFileType = sourcecode.swift; path = CommitComponent.swift; sourceTree = "<group>"; };
/* End PBXFileReference section */

/* Begin PBXFrameworksBuildPhase section */
		85FA24CC2BB78B8200D79DFA /* Frameworks */ = {
			isa = PBXFrameworksBuildPhase;
			buildActionMask = 2147483647;
			files = (
				85E008082BB7D114006F499A /* CodeViewer in Frameworks */,
			);
			runOnlyForDeploymentPostprocessing = 0;
		};
/* End PBXFrameworksBuildPhase section */

/* Begin PBXGroup section */
		85FA24C62BB78B8200D79DFA = {
			isa = PBXGroup;
			children = (
				89F987752BB79C1100117CF3 /* Config.xcconfig */,
				85FA24D12BB78B8200D79DFA /* hackprinceton */,
				85FA24D02BB78B8200D79DFA /* Products */,
			);
			sourceTree = "<group>";
		};
		85FA24D02BB78B8200D79DFA /* Products */ = {
			isa = PBXGroup;
			children = (
				85FA24CF2BB78B8200D79DFA /* hackprinceton.app */,
			);
			name = Products;
			sourceTree = "<group>";
		};
		85FA24D12BB78B8200D79DFA /* hackprinceton */ = {
			isa = PBXGroup;
			children = (
				85FA24D22BB78B8200D79DFA /* ProvisionallyNamedApp.swift */,
				85FA24D42BB78B8200D79DFA /* ContentView.swift */,
				8522F6A82BB7A527000EC4AC /* Request.swift */,
				89F987732BB799B300117CF3 /* CommitDetailView.swift */,
				85FA24D62BB78B8500D79DFA /* Assets.xcassets */,
				85FA24D82BB78B8500D79DFA /* Preview Content */,
				8522F6A62BB79871000EC4AC /* Model.swift */,
				89F987762BB7B38600117CF3 /* CommitGraph.swift */,
				89F987782BB84E9700117CF3 /* AR */,
			);
			path = hackprinceton;
			sourceTree = "<group>";
		};
		85FA24D82BB78B8500D79DFA /* Preview Content */ = {
			isa = PBXGroup;
			children = (
				85FA24D92BB78B8500D79DFA /* Preview Assets.xcassets */,
			);
			path = "Preview Content";
			sourceTree = "<group>";
		};
		89F987782BB84E9700117CF3 /* AR */ = {
			isa = PBXGroup;
			children = (
				89F987792BB84EA500117CF3 /* CommitComponent.swift */,
			);
			path = AR;
			sourceTree = "<group>";
		};
/* End PBXGroup section */

/* Begin PBXNativeTarget section */
		85FA24CE2BB78B8200D79DFA /* hackprinceton */ = {
			isa = PBXNativeTarget;
			buildConfigurationList = 85FA24DD2BB78B8500D79DFA /* Build configuration list for PBXNativeTarget "hackprinceton" */;
			buildPhases = (
				85FA24CB2BB78B8200D79DFA /* Sources */,
				85FA24CC2BB78B8200D79DFA /* Frameworks */,
				85FA24CD2BB78B8200D79DFA /* Resources */,
			);
			buildRules = (
			);
			dependencies = (
			);
			name = hackprinceton;
			packageProductDependencies = (
				85E008072BB7D114006F499A /* CodeViewer */,
			);
			productName = hackprinceton;
			productReference = 85FA24CF2BB78B8200D79DFA /* hackprinceton.app */;
			productType = "com.apple.product-type.application";
		};
/* End PBXNativeTarget section */

/* Begin PBXProject section */
		85FA24C72BB78B8200D79DFA /* Project object */ = {
			isa = PBXProject;
			attributes = {
				BuildIndependentTargetsInParallel = 1;
				LastSwiftUpdateCheck = 1530;
				LastUpgradeCheck = 1530;
				TargetAttributes = {
					85FA24CE2BB78B8200D79DFA = {
						CreatedOnToolsVersion = 15.3;
					};
				};
			};
			buildConfigurationList = 85FA24CA2BB78B8200D79DFA /* Build configuration list for PBXProject "hackprinceton" */;
			compatibilityVersion = "Xcode 14.0";
			developmentRegion = en;
			hasScannedForEncodings = 0;
			knownRegions = (
				en,
				Base,
			);
			mainGroup = 85FA24C62BB78B8200D79DFA;
			packageReferences = (
				85E008062BB7D114006F499A /* XCRemoteSwiftPackageReference "CodeViewer" */,
			);
			productRefGroup = 85FA24D02BB78B8200D79DFA /* Products */;
			projectDirPath = "";
			projectRoot = "";
			targets = (
				85FA24CE2BB78B8200D79DFA /* hackprinceton */,
			);
		};
/* End PBXProject section */

/* Begin PBXResourcesBuildPhase section */
		85FA24CD2BB78B8200D79DFA /* Resources */ = {
			isa = PBXResourcesBuildPhase;
			buildActionMask = 2147483647;
			files = (
				85FA24DA2BB78B8500D79DFA /* Preview Assets.xcassets in Resources */,
				85FA24D72BB78B8500D79DFA /* Assets.xcassets in Resources */,
			);
			runOnlyForDeploymentPostprocessing = 0;
		};
/* End PBXResourcesBuildPhase section */

/* Begin PBXSourcesBuildPhase section */
		85FA24CB2BB78B8200D79DFA /* Sources */ = {
			isa = PBXSourcesBuildPhase;
			buildActionMask = 2147483647;
			files = (
				89F987742BB799B300117CF3 /* CommitDetailView.swift in Sources */,
				89F9877A2BB84EA500117CF3 /* CommitComponent.swift in Sources */,
				8522F6A72BB79871000EC4AC /* Model.swift in Sources */,
				8522F6A92BB7A607000EC4AC /* Request.swift in Sources */,
				89F987772BB7B38600117CF3 /* CommitGraph.swift in Sources */,
				85FA24D52BB78B8200D79DFA /* ContentView.swift in Sources */,
				85FA24D32BB78B8200D79DFA /* ProvisionallyNamedApp.swift in Sources */,
			);
			runOnlyForDeploymentPostprocessing = 0;
		};
/* End PBXSourcesBuildPhase section */

/* Begin XCBuildConfiguration section */
		85FA24DB2BB78B8500D79DFA /* Debug */ = {
			isa = XCBuildConfiguration;
			baseConfigurationReference = 89F987752BB79C1100117CF3 /* Config.xcconfig */;
			buildSettings = {
				ALWAYS_SEARCH_USER_PATHS = NO;
				ASSETCATALOG_COMPILER_GENERATE_SWIFT_ASSET_SYMBOL_EXTENSIONS = YES;
				CLANG_ANALYZER_NONNULL = YES;
				CLANG_ANALYZER_NUMBER_OBJECT_CONVERSION = YES_AGGRESSIVE;
				CLANG_CXX_LANGUAGE_STANDARD = "gnu++20";
				CLANG_ENABLE_MODULES = YES;
				CLANG_ENABLE_OBJC_ARC = YES;
				CLANG_ENABLE_OBJC_WEAK = YES;
				CLANG_WARN_BLOCK_CAPTURE_AUTORELEASING = YES;
				CLANG_WARN_BOOL_CONVERSION = YES;
				CLANG_WARN_COMMA = YES;
				CLANG_WARN_CONSTANT_CONVERSION = YES;
				CLANG_WARN_DEPRECATED_OBJC_IMPLEMENTATIONS = YES;
				CLANG_WARN_DIRECT_OBJC_ISA_USAGE = YES_ERROR;
				CLANG_WARN_DOCUMENTATION_COMMENTS = YES;
				CLANG_WARN_EMPTY_BODY = YES;
				CLANG_WARN_ENUM_CONVERSION = YES;
				CLANG_WARN_INFINITE_RECURSION = YES;
				CLANG_WARN_INT_CONVERSION = YES;
				CLANG_WARN_NON_LITERAL_NULL_CONVERSION = YES;
				CLANG_WARN_OBJC_IMPLICIT_RETAIN_SELF = YES;
				CLANG_WARN_OBJC_LITERAL_CONVERSION = YES;
				CLANG_WARN_OBJC_ROOT_CLASS = YES_ERROR;
				CLANG_WARN_QUOTED_INCLUDE_IN_FRAMEWORK_HEADER = YES;
				CLANG_WARN_RANGE_LOOP_ANALYSIS = YES;
				CLANG_WARN_STRICT_PROTOTYPES = YES;
				CLANG_WARN_SUSPICIOUS_MOVE = YES;
				CLANG_WARN_UNGUARDED_AVAILABILITY = YES_AGGRESSIVE;
				CLANG_WARN_UNREACHABLE_CODE = YES;
				CLANG_WARN__DUPLICATE_METHOD_MATCH = YES;
				COPY_PHASE_STRIP = NO;
				DEBUG_INFORMATION_FORMAT = dwarf;
				ENABLE_STRICT_OBJC_MSGSEND = YES;
				ENABLE_TESTABILITY = YES;
				ENABLE_USER_SCRIPT_SANDBOXING = YES;
				GCC_C_LANGUAGE_STANDARD = gnu17;
				GCC_DYNAMIC_NO_PIC = NO;
				GCC_NO_COMMON_BLOCKS = YES;
				GCC_OPTIMIZATION_LEVEL = 0;
				GCC_PREPROCESSOR_DEFINITIONS = (
					"DEBUG=1",
					"$(inherited)",
				);
				GCC_WARN_64_TO_32_BIT_CONVERSION = YES;
				GCC_WARN_ABOUT_RETURN_TYPE = YES_ERROR;
				GCC_WARN_UNDECLARED_SELECTOR = YES;
				GCC_WARN_UNINITIALIZED_AUTOS = YES_AGGRESSIVE;
				GCC_WARN_UNUSED_FUNCTION = YES;
				GCC_WARN_UNUSED_VARIABLE = YES;
				IPHONEOS_DEPLOYMENT_TARGET = 17.4;
				LOCALIZATION_PREFERS_STRING_CATALOGS = YES;
				MTL_ENABLE_DEBUG_INFO = INCLUDE_SOURCE;
				MTL_FAST_MATH = YES;
				ONLY_ACTIVE_ARCH = YES;
				SDKROOT = iphoneos;
				SWIFT_ACTIVE_COMPILATION_CONDITIONS = "DEBUG $(inherited)";
				SWIFT_OPTIMIZATION_LEVEL = "-Onone";
			};
			name = Debug;
		};
		85FA24DC2BB78B8500D79DFA /* Release */ = {
			isa = XCBuildConfiguration;
			baseConfigurationReference = 89F987752BB79C1100117CF3 /* Config.xcconfig */;
			buildSettings = {
				ALWAYS_SEARCH_USER_PATHS = NO;
				ASSETCATALOG_COMPILER_GENERATE_SWIFT_ASSET_SYMBOL_EXTENSIONS = YES;
				CLANG_ANALYZER_NONNULL = YES;
				CLANG_ANALYZER_NUMBER_OBJECT_CONVERSION = YES_AGGRESSIVE;
				CLANG_CXX_LANGUAGE_STANDARD = "gnu++20";
				CLANG_ENABLE_MODULES = YES;
				CLANG_ENABLE_OBJC_ARC = YES;
				CLANG_ENABLE_OBJC_WEAK = YES;
				CLANG_WARN_BLOCK_CAPTURE_AUTORELEASING = YES;
				CLANG_WARN_BOOL_CONVERSION = YES;
				CLANG_WARN_COMMA = YES;
				CLANG_WARN_CONSTANT_CONVERSION = YES;
				CLANG_WARN_DEPRECATED_OBJC_IMPLEMENTATIONS = YES;
				CLANG_WARN_DIRECT_OBJC_ISA_USAGE = YES_ERROR;
				CLANG_WARN_DOCUMENTATION_COMMENTS = YES;
				CLANG_WARN_EMPTY_BODY = YES;
				CLANG_WARN_ENUM_CONVERSION = YES;
				CLANG_WARN_INFINITE_RECURSION = YES;
				CLANG_WARN_INT_CONVERSION = YES;
				CLANG_WARN_NON_LITERAL_NULL_CONVERSION = YES;
				CLANG_WARN_OBJC_IMPLICIT_RETAIN_SELF = YES;
				CLANG_WARN_OBJC_LITERAL_CONVERSION = YES;
				CLANG_WARN_OBJC_ROOT_CLASS = YES_ERROR;
				CLANG_WARN_QUOTED_INCLUDE_IN_FRAMEWORK_HEADER = YES;
				CLANG_WARN_RANGE_LOOP_ANALYSIS = YES;
				CLANG_WARN_STRICT_PROTOTYPES = YES;
				CLANG_WARN_SUSPICIOUS_MOVE = YES;
				CLANG_WARN_UNGUARDED_AVAILABILITY = YES_AGGRESSIVE;
				CLANG_WARN_UNREACHABLE_CODE = YES;
				CLANG_WARN__DUPLICATE_METHOD_MATCH = YES;
				COPY_PHASE_STRIP = NO;
				DEBUG_INFORMATION_FORMAT = "dwarf-with-dsym";
				ENABLE_NS_ASSERTIONS = NO;
				ENABLE_STRICT_OBJC_MSGSEND = YES;
				ENABLE_USER_SCRIPT_SANDBOXING = YES;
				GCC_C_LANGUAGE_STANDARD = gnu17;
				GCC_NO_COMMON_BLOCKS = YES;
				GCC_WARN_64_TO_32_BIT_CONVERSION = YES;
				GCC_WARN_ABOUT_RETURN_TYPE = YES_ERROR;
				GCC_WARN_UNDECLARED_SELECTOR = YES;
				GCC_WARN_UNINITIALIZED_AUTOS = YES_AGGRESSIVE;
				GCC_WARN_UNUSED_FUNCTION = YES;
				GCC_WARN_UNUSED_VARIABLE = YES;
				IPHONEOS_DEPLOYMENT_TARGET = 17.4;
				LOCALIZATION_PREFERS_STRING_CATALOGS = YES;
				MTL_ENABLE_DEBUG_INFO = NO;
				MTL_FAST_MATH = YES;
				SDKROOT = iphoneos;
				SWIFT_COMPILATION_MODE = wholemodule;
				VALIDATE_PRODUCT = YES;
			};
			name = Release;
		};
		85FA24DE2BB78B8500D79DFA /* Debug */ = {
			isa = XCBuildConfiguration;
			buildSettings = {
				ASSETCATALOG_COMPILER_APPICON_NAME = AppIcon;
				ASSETCATALOG_COMPILER_GLOBAL_ACCENT_COLOR_NAME = AccentColor;
				CODE_SIGN_STYLE = Automatic;
				CURRENT_PROJECT_VERSION = 1;
				DEVELOPMENT_ASSET_PATHS = "\"hackprinceton/Preview Content\"";
				DEVELOPMENT_TEAM = "$(TEAM_IDENTIFIER)";
				ENABLE_PREVIEWS = YES;
				GENERATE_INFOPLIST_FILE = YES;
				INFOPLIST_KEY_NSCameraUsageDescription = "";
				INFOPLIST_KEY_UIApplicationSupportsIndirectInputEvents = YES;
				INFOPLIST_KEY_UILaunchScreen_Generation = YES;
				INFOPLIST_KEY_UIRequiredDeviceCapabilities = arkit;
				INFOPLIST_KEY_UIStatusBarHidden = YES;
				INFOPLIST_KEY_UISupportedInterfaceOrientations_iPad = "UIInterfaceOrientationPortrait UIInterfaceOrientationPortraitUpsideDown UIInterfaceOrientationLandscapeLeft UIInterfaceOrientationLandscapeRight";
				INFOPLIST_KEY_UISupportedInterfaceOrientations_iPhone = "UIInterfaceOrientationPortrait UIInterfaceOrientationLandscapeLeft UIInterfaceOrientationLandscapeRight";
				IPHONEOS_DEPLOYMENT_TARGET = 17.0;
				LD_RUNPATH_SEARCH_PATHS = (
					"$(inherited)",
					"@executable_path/Frameworks",
				);
				MARKETING_VERSION = 1.0;
				PRODUCT_BUNDLE_IDENTIFIER = "dev.joyliu.hackprinceton.$(TEAM_IDENTIFIER)";
				PRODUCT_NAME = "$(TARGET_NAME)";
				SWIFT_EMIT_LOC_STRINGS = YES;
				SWIFT_VERSION = 5.0;
				TARGETED_DEVICE_FAMILY = "1,2";
			};
			name = Debug;
		};
		85FA24DF2BB78B8500D79DFA /* Release */ = {
			isa = XCBuildConfiguration;
			buildSettings = {
				ASSETCATALOG_COMPILER_APPICON_NAME = AppIcon;
				ASSETCATALOG_COMPILER_GLOBAL_ACCENT_COLOR_NAME = AccentColor;
				CODE_SIGN_STYLE = Automatic;
				CURRENT_PROJECT_VERSION = 1;
				DEVELOPMENT_ASSET_PATHS = "\"hackprinceton/Preview Content\"";
				DEVELOPMENT_TEAM = "$(TEAM_IDENTIFIER)";
				ENABLE_PREVIEWS = YES;
				GENERATE_INFOPLIST_FILE = YES;
				INFOPLIST_KEY_NSCameraUsageDescription = "";
				INFOPLIST_KEY_UIApplicationSupportsIndirectInputEvents = YES;
				INFOPLIST_KEY_UILaunchScreen_Generation = YES;
				INFOPLIST_KEY_UIRequiredDeviceCapabilities = arkit;
				INFOPLIST_KEY_UIStatusBarHidden = YES;
				INFOPLIST_KEY_UISupportedInterfaceOrientations_iPad = "UIInterfaceOrientationPortrait UIInterfaceOrientationPortraitUpsideDown UIInterfaceOrientationLandscapeLeft UIInterfaceOrientationLandscapeRight";
				INFOPLIST_KEY_UISupportedInterfaceOrientations_iPhone = "UIInterfaceOrientationPortrait UIInterfaceOrientationLandscapeLeft UIInterfaceOrientationLandscapeRight";
				IPHONEOS_DEPLOYMENT_TARGET = 17.0;
				LD_RUNPATH_SEARCH_PATHS = (
					"$(inherited)",
					"@executable_path/Frameworks",
				);
				MARKETING_VERSION = 1.0;
				PRODUCT_BUNDLE_IDENTIFIER = "dev.joyliu.hackprinceton.$(TEAM_IDENTIFIER)";
				PRODUCT_NAME = "$(TARGET_NAME)";
				SWIFT_EMIT_LOC_STRINGS = YES;
				SWIFT_VERSION = 5.0;
				TARGETED_DEVICE_FAMILY = "1,2";
			};
			name = Release;
		};
/* End XCBuildConfiguration section */

/* Begin XCConfigurationList section */
		85FA24CA2BB78B8200D79DFA /* Build configuration list for PBXProject "hackprinceton" */ = {
			isa = XCConfigurationList;
			buildConfigurations = (
				85FA24DB2BB78B8500D79DFA /* Debug */,
				85FA24DC2BB78B8500D79DFA /* Release */,
			);
			defaultConfigurationIsVisible = 0;
			defaultConfigurationName = Release;
		};
		85FA24DD2BB78B8500D79DFA /* Build configuration list for PBXNativeTarget "hackprinceton" */ = {
			isa = XCConfigurationList;
			buildConfigurations = (
				85FA24DE2BB78B8500D79DFA /* Debug */,
				85FA24DF2BB78B8500D79DFA /* Release */,
			);
			defaultConfigurationIsVisible = 0;
			defaultConfigurationName = Release;
		};
/* End XCConfigurationList section */

/* Begin XCRemoteSwiftPackageReference section */
		85E008062BB7D114006F499A /* XCRemoteSwiftPackageReference "CodeViewer" */ = {
			isa = XCRemoteSwiftPackageReference;
			repositoryURL = "https://github.com/dwarvesf/CodeViewer";
			requirement = {
				kind = upToNextMajorVersion;
				minimumVersion = 1.2.4;
			};
		};
/* End XCRemoteSwiftPackageReference section */

/* Begin XCSwiftPackageProductDependency section */
		85E008072BB7D114006F499A /* CodeViewer */ = {
			isa = XCSwiftPackageProductDependency;
			package = 85E008062BB7D114006F499A /* XCRemoteSwiftPackageReference "CodeViewer" */;
			productName = CodeViewer;
		};
/* End XCSwiftPackageProductDependency section */
	};
	rootObject = 85FA24C72BB78B8200D79DFA /* Project object */;
}
